
Microsoft Visual Studio Solution File, Format Version 12.00
# Visual Studio 15
Project("{FAE04EC0-301F-11D3-BF4B-00C04F79EFBC}") = "Assembly-CSharp-firstpass", "Assembly-CSharp-firstpass.csproj", "{17954A0C-6FF5-E7DF-C6F8-F151C056F1C4}"
EndProject
Project("{FAE04EC0-301F-11D3-BF4B-00C04F79EFBC}") = "Assembly-CSharp", "Assembly-CSharp.csproj", "{A4CB6031-A1CA-A9DF-8CBF-92D6E39A26B1}"
EndProject
Project("{FAE04EC0-301F-11D3-BF4B-00C04F79EFBC}") = "Assembly-CSharp-Editor-firstpass", "Assembly-CSharp-Editor-firstpass.csproj", "{A3641B13-8C54-A575-DB2A-C83B9BE80887}"
EndProject
Global
	GlobalSection(SolutionConfigurationPlatforms) = preSolution
		Debug|Any CPU = Debug|Any CPU
		Release|Any CPU = Release|Any CPU
	EndGlobalSection
	GlobalSection(ProjectConfigurationPlatforms) = postSolution
		{17954A0C-6FF5-E7DF-C6F8-F151C056F1C4}.Debug|Any CPU.ActiveCfg = Debug|Any CPU
		{17954A0C-6FF5-E7DF-C6F8-F151C056F1C4}.Debug|Any CPU.Build.0 = Debug|Any CPU
		{17954A0C-6FF5-E7DF-C6F8-F151C056F1C4}.Release|Any CPU.ActiveCfg = Release|Any CPU
		{17954A0C-6FF5-E7DF-C6F8-F151C056F1C4}.Release|Any CPU.Build.0 = Release|Any CPU
		{A4CB6031-A1CA-A9DF-8CBF-92D6E39A26B1}.Debug|Any CPU.ActiveCfg = Debug|Any CPU
		{A4CB6031-A1CA-A9DF-8CBF-92D6E39A26B1}.Debug|Any CPU.Build.0 = Debug|Any CPU
		{A4CB6031-A1CA-A9DF-8CBF-92D6E39A26B1}.Release|Any CPU.ActiveCfg = Release|Any CPU
		{A4CB6031-A1CA-A9DF-8CBF-92D6E39A26B1}.Release|Any CPU.Build.0 = Release|Any CPU
		{A3641B13-8C54-A575-DB2A-C83B9BE80887}.Debug|Any CPU.ActiveCfg = Debug|Any CPU
		{A3641B13-8C54-A575-DB2A-C83B9BE80887}.Debug|Any CPU.Build.0 = Debug|Any CPU
		{A3641B13-8C54-A575-DB2A-C83B9BE80887}.Release|Any CPU.ActiveCfg = Release|Any CPU
		{A3641B13-8C54-A575-DB2A-C83B9BE80887}.Release|Any CPU.Build.0 = Release|Any CPU
	EndGlobalSection
	GlobalSection(SolutionProperties) = preSolution
		HideSolutionNode = FALSE
	EndGlobalSection
	GlobalSection(MonoDevelopProperties) = preSolution
		StartupItem = Assembly-CSharp.csproj
	EndGlobalSection
EndGlobal
